// !$*UTF8*$!
{
	archiveVersion = 1;
	classes = {
	};
	objectVersion = 77;
	objects = {

/* Begin PBXContainerItemProxy section */
		5865CD4F2CE394F400162B4F /* PBXContainerItemProxy */ = {
			isa = PBXContainerItemProxy;
			containerPortal = 5865CD352CE394F200162B4F /* Project object */;
			proxyType = 1;
			remoteGlobalIDString = 5865CD3C2CE394F200162B4F;
			remoteInfo = ClaudeMailAssistant;
		};
		5865CD592CE394F400162B4F /* PBXContainerItemProxy */ = {
			isa = PBXContainerItemProxy;
			containerPortal = 5865CD352CE394F200162B4F /* Project object */;
			proxyType = 1;
			remoteGlobalIDString = 5865CD3C2CE394F200162B4F;
			remoteInfo = ClaudeMailAssistant;
		};
/* End PBXContainerItemProxy section */

/* Begin PBXFileReference section */
		5865CD3D2CE394F200162B4F /* ClaudeMailAssistant.app */ = {isa = PBXFileReference; explicitFileType = wrapper.application; includeInIndex = 0; path = ClaudeMailAssistant.app; sourceTree = BUILT_PRODUCTS_DIR; };
		5865CD4E2CE394F400162B4F /* ClaudeMailAssistantTests.xctest */ = {isa = PBXFileReference; explicitFileType = wrapper.cfbundle; includeInIndex = 0; path = ClaudeMailAssistantTests.xctest; sourceTree = BUILT_PRODUCTS_DIR; };
		5865CD582CE394F400162B4F /* ClaudeMailAssistantUITests.xctest */ = {isa = PBXFileReference; explicitFileType = wrapper.cfbundle; includeInIndex = 0; path = ClaudeMailAssistantUITests.xctest; sourceTree = BUILT_PRODUCTS_DIR; };
/* End PBXFileReference section */

/* Begin PBXFileSystemSynchronizedRootGroup section */
		5865CD3F2CE394F200162B4F /* ClaudeMailAssistant */ = {
			isa = PBXFileSystemSynchronizedRootGroup;
			path = ClaudeMailAssistant;
			sourceTree = "<group>";
		};
		5865CD512CE394F400162B4F /* ClaudeMailAssistantTests */ = {
			isa = PBXFileSystemSynchronizedRootGroup;
			path = ClaudeMailAssistantTests;
			sourceTree = "<group>";
		};
		5865CD5B2CE394F400162B4F /* ClaudeMailAssistantUITests */ = {
			isa = PBXFileSystemSynchronizedRootGroup;
			path = ClaudeMailAssistantUITests;
			sourceTree = "<group>";
		};
/* End PBXFileSystemSynchronizedRootGroup section */

/* Begin PBXFrameworksBuildPhase section */
		5865CD3A2CE394F200162B4F /* Frameworks */ = {
			isa = PBXFrameworksBuildPhase;
			buildActionMask = 2147483647;
			files = (
			);
			runOnlyForDeploymentPostprocessing = 0;
		};
		5865CD4B2CE394F400162B4F /* Frameworks */ = {
			isa = PBXFrameworksBuildPhase;
			buildActionMask = 2147483647;
			files = (
			);
			runOnlyForDeploymentPostprocessing = 0;
		};
		5865CD552CE394F400162B4F /* Frameworks */ = {
			isa = PBXFrameworksBuildPhase;
			buildActionMask = 2147483647;
			files = (
			);
			runOnlyForDeploymentPostprocessing = 0;
		};
/* End PBXFrameworksBuildPhase section */

/* Begin PBXGroup section */
		5865CD342CE394F200162B4F = {
			isa = PBXGroup;
			children = (
				5865CD3F2CE394F200162B4F /* ClaudeMailAssistant */,
				5865CD512CE394F400162B4F /* ClaudeMailAssistantTests */,
				5865CD5B2CE394F400162B4F /* ClaudeMailAssistantUITests */,
				5865CD3E2CE394F200162B4F /* Products */,
			);
			sourceTree = "<group>";
		};
		5865CD3E2CE394F200162B4F /* Products */ = {
			isa = PBXGroup;
			children = (
				5865CD3D2CE394F200162B4F /* ClaudeMailAssistant.app */,
				5865CD4E2CE394F400162B4F /* ClaudeMailAssistantTests.xctest */,
				5865CD582CE394F400162B4F /* ClaudeMailAssistantUITests.xctest */,
			);
			name = Products;
			sourceTree = "<group>";
		};
/* End PBXGroup section */

/* Begin PBXNativeTarget section */
		5865CD3C2CE394F200162B4F /* ClaudeMailAssistant */ = {
			isa = PBXNativeTarget;
			buildConfigurationList = 5865CD622CE394F400162B4F /* Build configuration list for PBXNativeTarget "ClaudeMailAssistant" */;
			buildPhases = (
				5865CD392CE394F200162B4F /* Sources */,
				5865CD3A2CE394F200162B4F /* Frameworks */,
				5865CD3B2CE394F200162B4F /* Resources */,
			);
			buildRules = (
			);
			dependencies = (
			);
			fileSystemSynchronizedGroups = (
				5865CD3F2CE394F200162B4F /* ClaudeMailAssistant */,
			);
			name = ClaudeMailAssistant;
			packageProductDependencies = (
			);
			productName = ClaudeMailAssistant;
			productReference = 5865CD3D2CE394F200162B4F /* ClaudeMailAssistant.app */;
			productType = "com.apple.product-type.application";
		};
		5865CD4D2CE394F400162B4F /* ClaudeMailAssistantTests */ = {
			isa = PBXNativeTarget;
			buildConfigurationList = 5865CD652CE394F400162B4F /* Build configuration list for PBXNativeTarget "ClaudeMailAssistantTests" */;
			buildPhases = (
				5865CD4A2CE394F400162B4F /* Sources */,
				5865CD4B2CE394F400162B4F /* Frameworks */,
				5865CD4C2CE394F400162B4F /* Resources */,
			);
			buildRules = (
			);
			dependencies = (
				5865CD502CE394F400162B4F /* PBXTargetDependency */,
			);
			fileSystemSynchronizedGroups = (
				5865CD512CE394F400162B4F /* ClaudeMailAssistantTests */,
			);
			name = ClaudeMailAssistantTests;
			packageProductDependencies = (
			);
			productName = ClaudeMailAssistantTests;
			productReference = 5865CD4E2CE394F400162B4F /* ClaudeMailAssistantTests.xctest */;
			productType = "com.apple.product-type.bundle.unit-test";
		};
		5865CD572CE394F400162B4F /* ClaudeMailAssistantUITests */ = {
			isa = PBXNativeTarget;
			buildConfigurationList = 5865CD682CE394F400162B4F /* Build configuration list for PBXNativeTarget "ClaudeMailAssistantUITests" */;
			buildPhases = (
				5865CD542CE394F400162B4F /* Sources */,
				5865CD552CE394F400162B4F /* Frameworks */,
				5865CD562CE394F400162B4F /* Resources */,
			);
			buildRules = (
			);
			dependencies = (
				5865CD5A2CE394F400162B4F /* PBXTargetDependency */,
			);
			fileSystemSynchronizedGroups = (
				5865CD5B2CE394F400162B4F /* ClaudeMailAssistantUITests */,
			);
			name = ClaudeMailAssistantUITests;
			packageProductDependencies = (
			);
			productName = ClaudeMailAssistantUITests;
			productReference = 5865CD582CE394F400162B4F /* ClaudeMailAssistantUITests.xctest */;
			productType = "com.apple.product-type.bundle.ui-testing";
		};
/* End PBXNativeTarget section */

/* Begin PBXProject section */
		5865CD352CE394F200162B4F /* Project object */ = {
			isa = PBXProject;
			attributes = {
				BuildIndependentTargetsInParallel = 1;
				LastSwiftUpdateCheck = 1610;
				LastUpgradeCheck = 1610;
				TargetAttributes = {
					5865CD3C2CE394F200162B4F = {
						CreatedOnToolsVersion = 16.1;
					};
					5865CD4D2CE394F400162B4F = {
						CreatedOnToolsVersion = 16.1;
						TestTargetID = 5865CD3C2CE394F200162B4F;
					};
					5865CD572CE394F400162B4F = {
						CreatedOnToolsVersion = 16.1;
						TestTargetID = 5865CD3C2CE394F200162B4F;
					};
				};
			};
			buildConfigurationList = 5865CD382CE394F200162B4F /* Build configuration list for PBXProject "ClaudeMailAssistant" */;
			developmentRegion = en;
			hasScannedForEncodings = 0;
			knownRegions = (
				en,
				Base,
			);
			mainGroup = 5865CD342CE394F200162B4F;
			minimizedProjectReferenceProxies = 1;
			preferredProjectObjectVersion = 77;
			productRefGroup = 5865CD3E2CE394F200162B4F /* Products */;
			projectDirPath = "";
			projectRoot = "";
			targets = (
				5865CD3C2CE394F200162B4F /* ClaudeMailAssistant */,
				5865CD4D2CE394F400162B4F /* ClaudeMailAssistantTests */,
				5865CD572CE394F400162B4F /* ClaudeMailAssistantUITests */,
			);
		};
/* End PBXProject section */

/* Begin PBXResourcesBuildPhase section */
		5865CD3B2CE394F200162B4F /* Resources */ = {
			isa = PBXResourcesBuildPhase;
			buildActionMask = 2147483647;
			files = (
			);
			runOnlyForDeploymentPostprocessing = 0;
		};
		5865CD4C2CE394F400162B4F /* Resources */ = {
			isa = PBXResourcesBuildPhase;
			buildActionMask = 2147483647;
			files = (
			);
			runOnlyForDeploymentPostprocessing = 0;
		};
		5865CD562CE394F400162B4F /* Resources */ = {
			isa = PBXResourcesBuildPhase;
			buildActionMask = 2147483647;
			files = (
			);
			runOnlyForDeploymentPostprocessing = 0;
		};
/* End PBXResourcesBuildPhase section */

/* Begin PBXSourcesBuildPhase section */
		5865CD392CE394F200162B4F /* Sources */ = {
			isa = PBXSourcesBuildPhase;
			buildActionMask = 2147483647;
			files = (
			);
			runOnlyForDeploymentPostprocessing = 0;
		};
		5865CD4A2CE394F400162B4F /* Sources */ = {
			isa = PBXSourcesBuildPhase;
			buildActionMask = 2147483647;
			files = (
			);
			runOnlyForDeploymentPostprocessing = 0;
		};
		5865CD542CE394F400162B4F /* Sources */ = {
			isa = PBXSourcesBuildPhase;
			buildActionMask = 2147483647;
			files = (
			);
			runOnlyForDeploymentPostprocessing = 0;
		};
/* End PBXSourcesBuildPhase section */

/* Begin PBXTargetDependency section */
		5865CD502CE394F400162B4F /* PBXTargetDependency */ = {
			isa = PBXTargetDependency;
			target = 5865CD3C2CE394F200162B4F /* ClaudeMailAssistant */;
			targetProxy = 5865CD4F2CE394F400162B4F /* PBXContainerItemProxy */;
		};
		5865CD5A2CE394F400162B4F /* PBXTargetDependency */ = {
			isa = PBXTargetDependency;
			target = 5865CD3C2CE394F200162B4F /* ClaudeMailAssistant */;
			targetProxy = 5865CD592CE394F400162B4F /* PBXContainerItemProxy */;
		};
/* End PBXTargetDependency section */

/* Begin XCBuildConfiguration section */
		5865CD602CE394F400162B4F /* Debug */ = {
			isa = XCBuildConfiguration;
			buildSettings = {
				ALWAYS_SEARCH_USER_PATHS = NO;
				ASSETCATALOG_COMPILER_GENERATE_SWIFT_ASSET_SYMBOL_EXTENSIONS = YES;
				CLANG_ANALYZER_NONNULL = YES;
				CLANG_ANALYZER_NUMBER_OBJECT_CONVERSION = YES_AGGRESSIVE;
				CLANG_CXX_LANGUAGE_STANDARD = "gnu++20";
				CLANG_ENABLE_MODULES = YES;
				CLANG_ENABLE_OBJC_ARC = YES;
				CLANG_ENABLE_OBJC_WEAK = YES;
				CLANG_WARN_BLOCK_CAPTURE_AUTORELEASING = YES;
				CLANG_WARN_BOOL_CONVERSION = YES;
				CLANG_WARN_COMMA = YES;
				CLANG_WARN_CONSTANT_CONVERSION = YES;
				CLANG_WARN_DEPRECATED_OBJC_IMPLEMENTATIONS = YES;
				CLANG_WARN_DIRECT_OBJC_ISA_USAGE = YES_ERROR;
				CLANG_WARN_DOCUMENTATION_COMMENTS = YES;
				CLANG_WARN_EMPTY_BODY = YES;
				CLANG_WARN_ENUM_CONVERSION = YES;
				CLANG_WARN_INFINITE_RECURSION = YES;
				CLANG_WARN_INT_CONVERSION = YES;
				CLANG_WARN_NON_LITERAL_NULL_CONVERSION = YES;
				CLANG_WARN_OBJC_IMPLICIT_RETAIN_SELF = YES;
				CLANG_WARN_OBJC_LITERAL_CONVERSION = YES;
				CLANG_WARN_OBJC_ROOT_CLASS = YES_ERROR;
				CLANG_WARN_QUOTED_INCLUDE_IN_FRAMEWORK_HEADER = YES;
				CLANG_WARN_RANGE_LOOP_ANALYSIS = YES;
				CLANG_WARN_STRICT_PROTOTYPES = YES;
				CLANG_WARN_SUSPICIOUS_MOVE = YES;
				CLANG_WARN_UNGUARDED_AVAILABILITY = YES_AGGRESSIVE;
				CLANG_WARN_UNREACHABLE_CODE = YES;
				CLANG_WARN__DUPLICATE_METHOD_MATCH = YES;
				COPY_PHASE_STRIP = NO;
				DEBUG_INFORMATION_FORMAT = dwarf;
				ENABLE_STRICT_OBJC_MSGSEND = YES;
				ENABLE_TESTABILITY = YES;
				ENABLE_USER_SCRIPT_SANDBOXING = YES;
				GCC_C_LANGUAGE_STANDARD = gnu17;
				GCC_DYNAMIC_NO_PIC = NO;
				GCC_NO_COMMON_BLOCKS = YES;
				GCC_OPTIMIZATION_LEVEL = 0;
				GCC_PREPROCESSOR_DEFINITIONS = (
					"DEBUG=1",
					"$(inherited)",
				);
				GCC_WARN_64_TO_32_BIT_CONVERSION = YES;
				GCC_WARN_ABOUT_RETURN_TYPE = YES_ERROR;
				GCC_WARN_UNDECLARED_SELECTOR = YES;
				GCC_WARN_UNINITIALIZED_AUTOS = YES_AGGRESSIVE;
				GCC_WARN_UNUSED_FUNCTION = YES;
				GCC_WARN_UNUSED_VARIABLE = YES;
				LOCALIZATION_PREFERS_STRING_CATALOGS = YES;
				MACOSX_DEPLOYMENT_TARGET = 15.1;
				MTL_ENABLE_DEBUG_INFO = INCLUDE_SOURCE;
				MTL_FAST_MATH = YES;
				ONLY_ACTIVE_ARCH = YES;
				SDKROOT = macosx;
				SWIFT_ACTIVE_COMPILATION_CONDITIONS = "DEBUG $(inherited)";
				SWIFT_OPTIMIZATION_LEVEL = "-Onone";
			};
			name = Debug;
		};
		5865CD612CE394F400162B4F /* Release */ = {
			isa = XCBuildConfiguration;
			buildSettings = {
				ALWAYS_SEARCH_USER_PATHS = NO;
				ASSETCATALOG_COMPILER_GENERATE_SWIFT_ASSET_SYMBOL_EXTENSIONS = YES;
				CLANG_ANALYZER_NONNULL = YES;
				CLANG_ANALYZER_NUMBER_OBJECT_CONVERSION = YES_AGGRESSIVE;
				CLANG_CXX_LANGUAGE_STANDARD = "gnu++20";
				CLANG_ENABLE_MODULES = YES;
				CLANG_ENABLE_OBJC_ARC = YES;
				CLANG_ENABLE_OBJC_WEAK = YES;
				CLANG_WARN_BLOCK_CAPTURE_AUTORELEASING = YES;
				CLANG_WARN_BOOL_CONVERSION = YES;
				CLANG_WARN_COMMA = YES;
				CLANG_WARN_CONSTANT_CONVERSION = YES;
				CLANG_WARN_DEPRECATED_OBJC_IMPLEMENTATIONS = YES;
				CLANG_WARN_DIRECT_OBJC_ISA_USAGE = YES_ERROR;
				CLANG_WARN_DOCUMENTATION_COMMENTS = YES;
				CLANG_WARN_EMPTY_BODY = YES;
				CLANG_WARN_ENUM_CONVERSION = YES;
				CLANG_WARN_INFINITE_RECURSION = YES;
				CLANG_WARN_INT_CONVERSION = YES;
				CLANG_WARN_NON_LITERAL_NULL_CONVERSION = YES;
				CLANG_WARN_OBJC_IMPLICIT_RETAIN_SELF = YES;
				CLANG_WARN_OBJC_LITERAL_CONVERSION = YES;
				CLANG_WARN_OBJC_ROOT_CLASS = YES_ERROR;
				CLANG_WARN_QUOTED_INCLUDE_IN_FRAMEWORK_HEADER = YES;
				CLANG_WARN_RANGE_LOOP_ANALYSIS = YES;
				CLANG_WARN_STRICT_PROTOTYPES = YES;
				CLANG_WARN_SUSPICIOUS_MOVE = YES;
				CLANG_WARN_UNGUARDED_AVAILABILITY = YES_AGGRESSIVE;
				CLANG_WARN_UNREACHABLE_CODE = YES;
				CLANG_WARN__DUPLICATE_METHOD_MATCH = YES;
				COPY_PHASE_STRIP = NO;
				DEBUG_INFORMATION_FORMAT = "dwarf-with-dsym";
				ENABLE_NS_ASSERTIONS = NO;
				ENABLE_STRICT_OBJC_MSGSEND = YES;
				ENABLE_USER_SCRIPT_SANDBOXING = YES;
				GCC_C_LANGUAGE_STANDARD = gnu17;
				GCC_NO_COMMON_BLOCKS = YES;
				GCC_WARN_64_TO_32_BIT_CONVERSION = YES;
				GCC_WARN_ABOUT_RETURN_TYPE = YES_ERROR;
				GCC_WARN_UNDECLARED_SELECTOR = YES;
				GCC_WARN_UNINITIALIZED_AUTOS = YES_AGGRESSIVE;
				GCC_WARN_UNUSED_FUNCTION = YES;
				GCC_WARN_UNUSED_VARIABLE = YES;
				LOCALIZATION_PREFERS_STRING_CATALOGS = YES;
				MACOSX_DEPLOYMENT_TARGET = 15.1;
				MTL_ENABLE_DEBUG_INFO = NO;
				MTL_FAST_MATH = YES;
				SDKROOT = macosx;
				SWIFT_COMPILATION_MODE = wholemodule;
			};
			name = Release;
		};
		5865CD632CE394F400162B4F /* Debug */ = {
			isa = XCBuildConfiguration;
			buildSettings = {
				ASSETCATALOG_COMPILER_APPICON_NAME = AppIcon;
				ASSETCATALOG_COMPILER_GLOBAL_ACCENT_COLOR_NAME = AccentColor;
				CODE_SIGN_ENTITLEMENTS = ClaudeMailAssistant/ClaudeMailAssistant.entitlements;
				CODE_SIGN_STYLE = Automatic;
				COMBINE_HIDPI_IMAGES = YES;
				CURRENT_PROJECT_VERSION = 1;
				DEVELOPMENT_ASSET_PATHS = "\"ClaudeMailAssistant/Preview Content\"";
				DEVELOPMENT_TEAM = XW874LPGJ5;
				ENABLE_HARDENED_RUNTIME = YES;
				ENABLE_PREVIEWS = YES;
				GENERATE_INFOPLIST_FILE = YES;
				INFOPLIST_KEY_NSHumanReadableCopyright = "";
				LD_RUNPATH_SEARCH_PATHS = (
					"$(inherited)",
					"@executable_path/../Frameworks",
				);
				MARKETING_VERSION = 1.0;
				PRODUCT_BUNDLE_IDENTIFIER = com.mail.ClaudeMailAssistant;
				PRODUCT_NAME = "$(TARGET_NAME)";
				SWIFT_EMIT_LOC_STRINGS = YES;
				SWIFT_VERSION = 5.0;
			};
			name = Debug;
		};
		5865CD642CE394F400162B4F /* Release */ = {
			isa = XCBuildConfiguration;
			buildSettings = {
				ASSETCATALOG_COMPILER_APPICON_NAME = AppIcon;
				ASSETCATALOG_COMPILER_GLOBAL_ACCENT_COLOR_NAME = AccentColor;
				CODE_SIGN_ENTITLEMENTS = ClaudeMailAssistant/ClaudeMailAssistant.entitlements;
				CODE_SIGN_STYLE = Automatic;
				COMBINE_HIDPI_IMAGES = YES;
				CURRENT_PROJECT_VERSION = 1;
				DEVELOPMENT_ASSET_PATHS = "\"ClaudeMailAssistant/Preview Content\"";
				DEVELOPMENT_TEAM = XW874LPGJ5;
				ENABLE_HARDENED_RUNTIME = YES;
				ENABLE_PREVIEWS = YES;
				GENERATE_INFOPLIST_FILE = YES;
				INFOPLIST_KEY_NSHumanReadableCopyright = "";
				LD_RUNPATH_SEARCH_PATHS = (
					"$(inherited)",
					"@executable_path/../Frameworks",
				);
				MARKETING_VERSION = 1.0;
				PRODUCT_BUNDLE_IDENTIFIER = com.mail.ClaudeMailAssistant;
				PRODUCT_NAME = "$(TARGET_NAME)";
				SWIFT_EMIT_LOC_STRINGS = YES;
				SWIFT_VERSION = 5.0;
			};
			name = Release;
		};
		5865CD662CE394F400162B4F /* Debug */ = {
			isa = XCBuildConfiguration;
			buildSettings = {
				BUNDLE_LOADER = "$(TEST_HOST)";
				CODE_SIGN_STYLE = Automatic;
				CURRENT_PROJECT_VERSION = 1;
				DEVELOPMENT_TEAM = XW874LPGJ5;
				GENERATE_INFOPLIST_FILE = YES;
				MACOSX_DEPLOYMENT_TARGET = 15.1;
				MARKETING_VERSION = 1.0;
				PRODUCT_BUNDLE_IDENTIFIER = com.mail.ClaudeMailAssistantTests;
				PRODUCT_NAME = "$(TARGET_NAME)";
				SWIFT_EMIT_LOC_STRINGS = NO;
				SWIFT_VERSION = 5.0;
				TEST_HOST = "$(BUILT_PRODUCTS_DIR)/ClaudeMailAssistant.app/$(BUNDLE_EXECUTABLE_FOLDER_PATH)/ClaudeMailAssistant";
			};
			name = Debug;
		};
		5865CD672CE394F400162B4F /* Release */ = {
			isa = XCBuildConfiguration;
			buildSettings = {
				BUNDLE_LOADER = "$(TEST_HOST)";
				CODE_SIGN_STYLE = Automatic;
				CURRENT_PROJECT_VERSION = 1;
				DEVELOPMENT_TEAM = XW874LPGJ5;
				GENERATE_INFOPLIST_FILE = YES;
				MACOSX_DEPLOYMENT_TARGET = 15.1;
				MARKETING_VERSION = 1.0;
				PRODUCT_BUNDLE_IDENTIFIER = com.mail.ClaudeMailAssistantTests;
				PRODUCT_NAME = "$(TARGET_NAME)";
				SWIFT_EMIT_LOC_STRINGS = NO;
				SWIFT_VERSION = 5.0;
				TEST_HOST = "$(BUILT_PRODUCTS_DIR)/ClaudeMailAssistant.app/$(BUNDLE_EXECUTABLE_FOLDER_PATH)/ClaudeMailAssistant";
			};
			name = Release;
		};
		5865CD692CE394F400162B4F /* Debug */ = {
			isa = XCBuildConfiguration;
			buildSettings = {
				CODE_SIGN_STYLE = Automatic;
				CURRENT_PROJECT_VERSION = 1;
				DEVELOPMENT_TEAM = XW874LPGJ5;
				GENERATE_INFOPLIST_FILE = YES;
				MARKETING_VERSION = 1.0;
				PRODUCT_BUNDLE_IDENTIFIER = com.mail.ClaudeMailAssistantUITests;
				PRODUCT_NAME = "$(TARGET_NAME)";
				SWIFT_EMIT_LOC_STRINGS = NO;
				SWIFT_VERSION = 5.0;
				TEST_TARGET_NAME = ClaudeMailAssistant;
			};
			name = Debug;
		};
		5865CD6A2CE394F400162B4F /* Release */ = {
			isa = XCBuildConfiguration;
			buildSettings = {
				CODE_SIGN_STYLE = Automatic;
				CURRENT_PROJECT_VERSION = 1;
				DEVELOPMENT_TEAM = XW874LPGJ5;
				GENERATE_INFOPLIST_FILE = YES;
				MARKETING_VERSION = 1.0;
				PRODUCT_BUNDLE_IDENTIFIER = com.mail.ClaudeMailAssistantUITests;
				PRODUCT_NAME = "$(TARGET_NAME)";
				SWIFT_EMIT_LOC_STRINGS = NO;
				SWIFT_VERSION = 5.0;
				TEST_TARGET_NAME = ClaudeMailAssistant;
			};
			name = Release;
		};
/* End XCBuildConfiguration section */

/* Begin XCConfigurationList section */
		5865CD382CE394F200162B4F /* Build configuration list for PBXProject "ClaudeMailAssistant" */ = {
			isa = XCConfigurationList;
			buildConfigurations = (
				5865CD602CE394F400162B4F /* Debug */,
				5865CD612CE394F400162B4F /* Release */,
			);
			defaultConfigurationIsVisible = 0;
			defaultConfigurationName = Release;
		};
		5865CD622CE394F400162B4F /* Build configuration list for PBXNativeTarget "ClaudeMailAssistant" */ = {
			isa = XCConfigurationList;
			buildConfigurations = (
				5865CD632CE394F400162B4F /* Debug */,
				5865CD642CE394F400162B4F /* Release */,
			);
			defaultConfigurationIsVisible = 0;
			defaultConfigurationName = Release;
		};
		5865CD652CE394F400162B4F /* Build configuration list for PBXNativeTarget "ClaudeMailAssistantTests" */ = {
			isa = XCConfigurationList;
			buildConfigurations = (
				5865CD662CE394F400162B4F /* Debug */,
				5865CD672CE394F400162B4F /* Release */,
			);
			defaultConfigurationIsVisible = 0;
			defaultConfigurationName = Release;
		};
		5865CD682CE394F400162B4F /* Build configuration list for PBXNativeTarget "ClaudeMailAssistantUITests" */ = {
			isa = XCConfigurationList;
			buildConfigurations = (
				5865CD692CE394F400162B4F /* Debug */,
				5865CD6A2CE394F400162B4F /* Release */,
			);
			defaultConfigurationIsVisible = 0;
			defaultConfigurationName = Release;
		};
/* End XCConfigurationList section */
	};
	rootObject = 5865CD352CE394F200162B4F /* Project object */;
}
